
Microsoft Visual Studio Solution File, Format Version 12.00
# Visual Studio Version 17
VisualStudioVersion = 17.9.34622.214
MinimumVisualStudioVersion = 10.0.40219.1
Project("{FAE04EC0-301F-11D3-BF4B-00C04F79EFBC}") = "Shortly.Client", "Shortly.Client\Shortly.Client.csproj", "{2F1BA74C-9C9F-4734-A4D8-F2B4A0CCF4E6}"
EndProject
Project("{FAE04EC0-301F-11D3-BF4B-00C04F79EFBC}") = "Shortly.Redirect", "Shortly.Redirect\Shortly.Redirect.csproj", "{D57EF3ED-0594-4391-A89B-D8C6923EBA70}"
EndProject
Project("{FAE04EC0-301F-11D3-BF4B-00C04F79EFBC}") = "Shortly.Data", "Shortly.Data\Shortly.Data.csproj", "{13B11E1D-65C7-4731-8866-2D21CF834F97}"
EndProject
Global
	GlobalSection(SolutionConfigurationPlatforms) = preSolution
		Debug|Any CPU = Debug|Any CPU
		Release|Any CPU = Release|Any CPU
	EndGlobalSection
	GlobalSection(ProjectConfigurationPlatforms) = postSolution
		{2F1BA74C-9C9F-4734-A4D8-F2B4A0CCF4E6}.Debug|Any CPU.ActiveCfg = Debug|Any CPU
		{2F1BA74C-9C9F-4734-A4D8-F2B4A0CCF4E6}.Debug|Any CPU.Build.0 = Debug|Any CPU
		{2F1BA74C-9C9F-4734-A4D8-F2B4A0CCF4E6}.Release|Any CPU.ActiveCfg = Release|Any CPU
		{2F1BA74C-9C9F-4734-A4D8-F2B4A0CCF4E6}.Release|Any CPU.Build.0 = Release|Any CPU
		{D57EF3ED-0594-4391-A89B-D8C6923EBA70}.Debug|Any CPU.ActiveCfg = Debug|Any CPU
		{D57EF3ED-0594-4391-A89B-D8C6923EBA70}.Debug|Any CPU.Build.0 = Debug|Any CPU
		{D57EF3ED-0594-4391-A89B-D8C6923EBA70}.Release|Any CPU.ActiveCfg = Release|Any CPU
		{D57EF3ED-0594-4391-A89B-D8C6923EBA70}.Release|Any CPU.Build.0 = Release|Any CPU
		{13B11E1D-65C7-4731-8866-2D21CF834F97}.Debug|Any CPU.ActiveCfg = Debug|Any CPU
		{13B11E1D-65C7-4731-8866-2D21CF834F97}.Debug|Any CPU.Build.0 = Debug|Any CPU
		{13B11E1D-65C7-4731-8866-2D21CF834F97}.Release|Any CPU.ActiveCfg = Release|Any CPU
		{13B11E1D-65C7-4731-8866-2D21CF834F97}.Release|Any CPU.Build.0 = Release|Any CPU
	EndGlobalSection
	GlobalSection(SolutionProperties) = preSolution
		HideSolutionNode = FALSE
	EndGlobalSection
	GlobalSection(ExtensibilityGlobals) = postSolution
		SolutionGuid = {977B02C6-AF6F-4BC6-959F-B484C2F0EB4C}
	EndGlobalSection
EndGlobal
